
Microsoft Visual Studio Solution File, Format Version 12.00
# Visual Studio 14
VisualStudioVersion = 14.0.24720.0
MinimumVisualStudioVersion = 10.0.40219.1
Project("{FAE04EC0-301F-11D3-BF4B-00C04F79EFBC}") = "tokoton10", "tokoton10\tokoton10.csproj", "{884E07DA-7694-4A67-8D2F-DA4F9E83710B}"
EndProject
Project("{FAE04EC0-301F-11D3-BF4B-00C04F79EFBC}") = "tokoton10_02", "tokoton10_02\tokoton10_02.csproj", "{705EAEF5-FFC9-488B-8C04-0504E9C4C361}"
EndProject
Project("{FAE04EC0-301F-11D3-BF4B-00C04F79EFBC}") = "tokoton10_03", "tokoton10_03\tokoton10_03.csproj", "{72B661CC-38D9-4AB7-AA01-63465BC63676}"
EndProject
Project("{FAE04EC0-301F-11D3-BF4B-00C04F79EFBC}") = "tokoton10_04", "tokoton10_04\tokoton10_04.csproj", "{D36E2FC1-E1D6-470E-8DA6-8865AB56D02E}"
EndProject
Project("{FAE04EC0-301F-11D3-BF4B-00C04F79EFBC}") = "tokoton10_05", "tokoton10_05\tokoton10_05.csproj", "{7217B7BB-5887-4112-AA1F-DE950332E0A5}"
EndProject
Project("{FAE04EC0-301F-11D3-BF4B-00C04F79EFBC}") = "tokoton10_06", "tokoton10_06\tokoton10_06.csproj", "{DB48226A-7A5A-4BF0-8AFF-9E1CD6AB7363}"
EndProject
Project("{FAE04EC0-301F-11D3-BF4B-00C04F79EFBC}") = "tokoton10_07", "tokoton10_07\tokoton10_07.csproj", "{8302A258-1005-449A-BD24-BFD7EF681CEB}"
EndProject
Global
	GlobalSection(SolutionConfigurationPlatforms) = preSolution
		Debug|Android = Debug|Android
		Debug|Any CPU = Debug|Any CPU
		Debug|iOS = Debug|iOS
		Debug|Windows Phone (Universal) = Debug|Windows Phone (Universal)
		Debug|Windows Phone 8 = Debug|Windows Phone 8
		Debug|Windows-AnyCPU = Debug|Windows-AnyCPU
		Debug|Windows-ARM = Debug|Windows-ARM
		Debug|Windows-x64 = Debug|Windows-x64
		Debug|Windows-x86 = Debug|Windows-x86
		Release|Android = Release|Android
		Release|Any CPU = Release|Any CPU
		Release|iOS = Release|iOS
		Release|Windows Phone (Universal) = Release|Windows Phone (Universal)
		Release|Windows Phone 8 = Release|Windows Phone 8
		Release|Windows-AnyCPU = Release|Windows-AnyCPU
		Release|Windows-ARM = Release|Windows-ARM
		Release|Windows-x64 = Release|Windows-x64
		Release|Windows-x86 = Release|Windows-x86
	EndGlobalSection
	GlobalSection(ProjectConfigurationPlatforms) = postSolution
		{884E07DA-7694-4A67-8D2F-DA4F9E83710B}.Debug|Android.ActiveCfg = Debug|Any CPU
		{884E07DA-7694-4A67-8D2F-DA4F9E83710B}.Debug|Android.Build.0 = Debug|Any CPU
		{884E07DA-7694-4A67-8D2F-DA4F9E83710B}.Debug|Any CPU.ActiveCfg = Debug|Any CPU
		{884E07DA-7694-4A67-8D2F-DA4F9E83710B}.Debug|Any CPU.Build.0 = Debug|Any CPU
		{884E07DA-7694-4A67-8D2F-DA4F9E83710B}.Debug|iOS.ActiveCfg = Debug|Any CPU
		{884E07DA-7694-4A67-8D2F-DA4F9E83710B}.Debug|iOS.Build.0 = Debug|Any CPU
		{884E07DA-7694-4A67-8D2F-DA4F9E83710B}.Debug|Windows Phone (Universal).ActiveCfg = Debug|Any CPU
		{884E07DA-7694-4A67-8D2F-DA4F9E83710B}.Debug|Windows Phone (Universal).Build.0 = Debug|Any CPU
		{884E07DA-7694-4A67-8D2F-DA4F9E83710B}.Debug|Windows Phone 8.ActiveCfg = Debug|Any CPU
		{884E07DA-7694-4A67-8D2F-DA4F9E83710B}.Debug|Windows Phone 8.Build.0 = Debug|Any CPU
		{884E07DA-7694-4A67-8D2F-DA4F9E83710B}.Debug|Windows-AnyCPU.ActiveCfg = Debug|Any CPU
		{884E07DA-7694-4A67-8D2F-DA4F9E83710B}.Debug|Windows-AnyCPU.Build.0 = Debug|Any CPU
		{884E07DA-7694-4A67-8D2F-DA4F9E83710B}.Debug|Windows-ARM.ActiveCfg = Debug|Any CPU
		{884E07DA-7694-4A67-8D2F-DA4F9E83710B}.Debug|Windows-ARM.Build.0 = Debug|Any CPU
		{884E07DA-7694-4A67-8D2F-DA4F9E83710B}.Debug|Windows-x64.ActiveCfg = Debug|Any CPU
		{884E07DA-7694-4A67-8D2F-DA4F9E83710B}.Debug|Windows-x64.Build.0 = Debug|Any CPU
		{884E07DA-7694-4A67-8D2F-DA4F9E83710B}.Debug|Windows-x86.ActiveCfg = Debug|Any CPU
		{884E07DA-7694-4A67-8D2F-DA4F9E83710B}.Debug|Windows-x86.Build.0 = Debug|Any CPU
		{884E07DA-7694-4A67-8D2F-DA4F9E83710B}.Release|Android.ActiveCfg = Release|Any CPU
		{884E07DA-7694-4A67-8D2F-DA4F9E83710B}.Release|Android.Build.0 = Release|Any CPU
		{884E07DA-7694-4A67-8D2F-DA4F9E83710B}.Release|Any CPU.ActiveCfg = Release|Any CPU
		{884E07DA-7694-4A67-8D2F-DA4F9E83710B}.Release|Any CPU.Build.0 = Release|Any CPU
		{884E07DA-7694-4A67-8D2F-DA4F9E83710B}.Release|iOS.ActiveCfg = Release|Any CPU
		{884E07DA-7694-4A67-8D2F-DA4F9E83710B}.Release|iOS.Build.0 = Release|Any CPU
		{884E07DA-7694-4A67-8D2F-DA4F9E83710B}.Release|Windows Phone (Universal).ActiveCfg = Release|Any CPU
		{884E07DA-7694-4A67-8D2F-DA4F9E83710B}.Release|Windows Phone (Universal).Build.0 = Release|Any CPU
		{884E07DA-7694-4A67-8D2F-DA4F9E83710B}.Release|Windows Phone 8.ActiveCfg = Release|Any CPU
		{884E07DA-7694-4A67-8D2F-DA4F9E83710B}.Release|Windows Phone 8.Build.0 = Release|Any CPU
		{884E07DA-7694-4A67-8D2F-DA4F9E83710B}.Release|Windows-AnyCPU.ActiveCfg = Release|Any CPU
		{884E07DA-7694-4A67-8D2F-DA4F9E83710B}.Release|Windows-AnyCPU.Build.0 = Release|Any CPU
		{884E07DA-7694-4A67-8D2F-DA4F9E83710B}.Release|Windows-ARM.ActiveCfg = Release|Any CPU
		{884E07DA-7694-4A67-8D2F-DA4F9E83710B}.Release|Windows-ARM.Build.0 = Release|Any CPU
		{884E07DA-7694-4A67-8D2F-DA4F9E83710B}.Release|Windows-x64.ActiveCfg = Release|Any CPU
		{884E07DA-7694-4A67-8D2F-DA4F9E83710B}.Release|Windows-x64.Build.0 = Release|Any CPU
		{884E07DA-7694-4A67-8D2F-DA4F9E83710B}.Release|Windows-x86.ActiveCfg = Release|Any CPU
		{884E07DA-7694-4A67-8D2F-DA4F9E83710B}.Release|Windows-x86.Build.0 = Release|Any CPU
		{705EAEF5-FFC9-488B-8C04-0504E9C4C361}.Debug|Android.ActiveCfg = Debug|Any CPU
		{705EAEF5-FFC9-488B-8C04-0504E9C4C361}.Debug|Android.Build.0 = Debug|Any CPU
		{705EAEF5-FFC9-488B-8C04-0504E9C4C361}.Debug|Any CPU.ActiveCfg = Debug|Any CPU
		{705EAEF5-FFC9-488B-8C04-0504E9C4C361}.Debug|Any CPU.Build.0 = Debug|Any CPU
		{705EAEF5-FFC9-488B-8C04-0504E9C4C361}.Debug|iOS.ActiveCfg = Debug|Any CPU
		{705EAEF5-FFC9-488B-8C04-0504E9C4C361}.Debug|iOS.Build.0 = Debug|Any CPU
		{705EAEF5-FFC9-488B-8C04-0504E9C4C361}.Debug|Windows Phone (Universal).ActiveCfg = Debug|Any CPU
		{705EAEF5-FFC9-488B-8C04-0504E9C4C361}.Debug|Windows Phone (Universal).Build.0 = Debug|Any CPU
		{705EAEF5-FFC9-488B-8C04-0504E9C4C361}.Debug|Windows Phone 8.ActiveCfg = Debug|Any CPU
		{705EAEF5-FFC9-488B-8C04-0504E9C4C361}.Debug|Windows Phone 8.Build.0 = Debug|Any CPU
		{705EAEF5-FFC9-488B-8C04-0504E9C4C361}.Debug|Windows-AnyCPU.ActiveCfg = Debug|Any CPU
		{705EAEF5-FFC9-488B-8C04-0504E9C4C361}.Debug|Windows-AnyCPU.Build.0 = Debug|Any CPU
		{705EAEF5-FFC9-488B-8C04-0504E9C4C361}.Debug|Windows-ARM.ActiveCfg = Debug|Any CPU
		{705EAEF5-FFC9-488B-8C04-0504E9C4C361}.Debug|Windows-ARM.Build.0 = Debug|Any CPU
		{705EAEF5-FFC9-488B-8C04-0504E9C4C361}.Debug|Windows-x64.ActiveCfg = Debug|Any CPU
		{705EAEF5-FFC9-488B-8C04-0504E9C4C361}.Debug|Windows-x64.Build.0 = Debug|Any CPU
		{705EAEF5-FFC9-488B-8C04-0504E9C4C361}.Debug|Windows-x86.ActiveCfg = Debug|Any CPU
		{705EAEF5-FFC9-488B-8C04-0504E9C4C361}.Debug|Windows-x86.Build.0 = Debug|Any CPU
		{705EAEF5-FFC9-488B-8C04-0504E9C4C361}.Release|Android.ActiveCfg = Release|Any CPU
		{705EAEF5-FFC9-488B-8C04-0504E9C4C361}.Release|Android.Build.0 = Release|Any CPU
		{705EAEF5-FFC9-488B-8C04-0504E9C4C361}.Release|Any CPU.ActiveCfg = Release|Any CPU
		{705EAEF5-FFC9-488B-8C04-0504E9C4C361}.Release|Any CPU.Build.0 = Release|Any CPU
		{705EAEF5-FFC9-488B-8C04-0504E9C4C361}.Release|iOS.ActiveCfg = Release|Any CPU
		{705EAEF5-FFC9-488B-8C04-0504E9C4C361}.Release|iOS.Build.0 = Release|Any CPU
		{705EAEF5-FFC9-488B-8C04-0504E9C4C361}.Release|Windows Phone (Universal).ActiveCfg = Release|Any CPU
		{705EAEF5-FFC9-488B-8C04-0504E9C4C361}.Release|Windows Phone (Universal).Build.0 = Release|Any CPU
		{705EAEF5-FFC9-488B-8C04-0504E9C4C361}.Release|Windows Phone 8.ActiveCfg = Release|Any CPU
		{705EAEF5-FFC9-488B-8C04-0504E9C4C361}.Release|Windows Phone 8.Build.0 = Release|Any CPU
		{705EAEF5-FFC9-488B-8C04-0504E9C4C361}.Release|Windows-AnyCPU.ActiveCfg = Release|Any CPU
		{705EAEF5-FFC9-488B-8C04-0504E9C4C361}.Release|Windows-AnyCPU.Build.0 = Release|Any CPU
		{705EAEF5-FFC9-488B-8C04-0504E9C4C361}.Release|Windows-ARM.ActiveCfg = Release|Any CPU
		{705EAEF5-FFC9-488B-8C04-0504E9C4C361}.Release|Windows-ARM.Build.0 = Release|Any CPU
		{705EAEF5-FFC9-488B-8C04-0504E9C4C361}.Release|Windows-x64.ActiveCfg = Release|Any CPU
		{705EAEF5-FFC9-488B-8C04-0504E9C4C361}.Release|Windows-x64.Build.0 = Release|Any CPU
		{705EAEF5-FFC9-488B-8C04-0504E9C4C361}.Release|Windows-x86.ActiveCfg = Release|Any CPU
		{705EAEF5-FFC9-488B-8C04-0504E9C4C361}.Release|Windows-x86.Build.0 = Release|Any CPU
		{72B661CC-38D9-4AB7-AA01-63465BC63676}.Debug|Android.ActiveCfg = Debug|Any CPU
		{72B661CC-38D9-4AB7-AA01-63465BC63676}.Debug|Android.Build.0 = Debug|Any CPU
		{72B661CC-38D9-4AB7-AA01-63465BC63676}.Debug|Any CPU.ActiveCfg = Debug|Any CPU
		{72B661CC-38D9-4AB7-AA01-63465BC63676}.Debug|Any CPU.Build.0 = Debug|Any CPU
		{72B661CC-38D9-4AB7-AA01-63465BC63676}.Debug|iOS.ActiveCfg = Debug|Any CPU
		{72B661CC-38D9-4AB7-AA01-63465BC63676}.Debug|iOS.Build.0 = Debug|Any CPU
		{72B661CC-38D9-4AB7-AA01-63465BC63676}.Debug|Windows Phone (Universal).ActiveCfg = Debug|Any CPU
		{72B661CC-38D9-4AB7-AA01-63465BC63676}.Debug|Windows Phone (Universal).Build.0 = Debug|Any CPU
		{72B661CC-38D9-4AB7-AA01-63465BC63676}.Debug|Windows Phone 8.ActiveCfg = Debug|Any CPU
		{72B661CC-38D9-4AB7-AA01-63465BC63676}.Debug|Windows Phone 8.Build.0 = Debug|Any CPU
		{72B661CC-38D9-4AB7-AA01-63465BC63676}.Debug|Windows-AnyCPU.ActiveCfg = Debug|Any CPU
		{72B661CC-38D9-4AB7-AA01-63465BC63676}.Debug|Windows-AnyCPU.Build.0 = Debug|Any CPU
		{72B661CC-38D9-4AB7-AA01-63465BC63676}.Debug|Windows-ARM.ActiveCfg = Debug|Any CPU
		{72B661CC-38D9-4AB7-AA01-63465BC63676}.Debug|Windows-ARM.Build.0 = Debug|Any CPU
		{72B661CC-38D9-4AB7-AA01-63465BC63676}.Debug|Windows-x64.ActiveCfg = Debug|Any CPU
		{72B661CC-38D9-4AB7-AA01-63465BC63676}.Debug|Windows-x64.Build.0 = Debug|Any CPU
		{72B661CC-38D9-4AB7-AA01-63465BC63676}.Debug|Windows-x86.ActiveCfg = Debug|Any CPU
		{72B661CC-38D9-4AB7-AA01-63465BC63676}.Debug|Windows-x86.Build.0 = Debug|Any CPU
		{72B661CC-38D9-4AB7-AA01-63465BC63676}.Release|Android.ActiveCfg = Release|Any CPU
		{72B661CC-38D9-4AB7-AA01-63465BC63676}.Release|Android.Build.0 = Release|Any CPU
		{72B661CC-38D9-4AB7-AA01-63465BC63676}.Release|Any CPU.ActiveCfg = Release|Any CPU
		{72B661CC-38D9-4AB7-AA01-63465BC63676}.Release|Any CPU.Build.0 = Release|Any CPU
		{72B661CC-38D9-4AB7-AA01-63465BC63676}.Release|iOS.ActiveCfg = Release|Any CPU
		{72B661CC-38D9-4AB7-AA01-63465BC63676}.Release|iOS.Build.0 = Release|Any CPU
		{72B661CC-38D9-4AB7-AA01-63465BC63676}.Release|Windows Phone (Universal).ActiveCfg = Release|Any CPU
		{72B661CC-38D9-4AB7-AA01-63465BC63676}.Release|Windows Phone (Universal).Build.0 = Release|Any CPU
		{72B661CC-38D9-4AB7-AA01-63465BC63676}.Release|Windows Phone 8.ActiveCfg = Release|Any CPU
		{72B661CC-38D9-4AB7-AA01-63465BC63676}.Release|Windows Phone 8.Build.0 = Release|Any CPU
		{72B661CC-38D9-4AB7-AA01-63465BC63676}.Release|Windows-AnyCPU.ActiveCfg = Release|Any CPU
		{72B661CC-38D9-4AB7-AA01-63465BC63676}.Release|Windows-AnyCPU.Build.0 = Release|Any CPU
		{72B661CC-38D9-4AB7-AA01-63465BC63676}.Release|Windows-ARM.ActiveCfg = Release|Any CPU
		{72B661CC-38D9-4AB7-AA01-63465BC63676}.Release|Windows-ARM.Build.0 = Release|Any CPU
		{72B661CC-38D9-4AB7-AA01-63465BC63676}.Release|Windows-x64.ActiveCfg = Release|Any CPU
		{72B661CC-38D9-4AB7-AA01-63465BC63676}.Release|Windows-x64.Build.0 = Release|Any CPU
		{72B661CC-38D9-4AB7-AA01-63465BC63676}.Release|Windows-x86.ActiveCfg = Release|Any CPU
		{72B661CC-38D9-4AB7-AA01-63465BC63676}.Release|Windows-x86.Build.0 = Release|Any CPU
		{D36E2FC1-E1D6-470E-8DA6-8865AB56D02E}.Debug|Android.ActiveCfg = Debug|Any CPU
		{D36E2FC1-E1D6-470E-8DA6-8865AB56D02E}.Debug|Android.Build.0 = Debug|Any CPU
		{D36E2FC1-E1D6-470E-8DA6-8865AB56D02E}.Debug|Any CPU.ActiveCfg = Debug|Any CPU
		{D36E2FC1-E1D6-470E-8DA6-8865AB56D02E}.Debug|Any CPU.Build.0 = Debug|Any CPU
		{D36E2FC1-E1D6-470E-8DA6-8865AB56D02E}.Debug|iOS.ActiveCfg = Debug|Any CPU
		{D36E2FC1-E1D6-470E-8DA6-8865AB56D02E}.Debug|iOS.Build.0 = Debug|Any CPU
		{D36E2FC1-E1D6-470E-8DA6-8865AB56D02E}.Debug|Windows Phone (Universal).ActiveCfg = Debug|Any CPU
		{D36E2FC1-E1D6-470E-8DA6-8865AB56D02E}.Debug|Windows Phone (Universal).Build.0 = Debug|Any CPU
		{D36E2FC1-E1D6-470E-8DA6-8865AB56D02E}.Debug|Windows Phone 8.ActiveCfg = Debug|Any CPU
		{D36E2FC1-E1D6-470E-8DA6-8865AB56D02E}.Debug|Windows Phone 8.Build.0 = Debug|Any CPU
		{D36E2FC1-E1D6-470E-8DA6-8865AB56D02E}.Debug|Windows-AnyCPU.ActiveCfg = Debug|Any CPU
		{D36E2FC1-E1D6-470E-8DA6-8865AB56D02E}.Debug|Windows-AnyCPU.Build.0 = Debug|Any CPU
		{D36E2FC1-E1D6-470E-8DA6-8865AB56D02E}.Debug|Windows-ARM.ActiveCfg = Debug|Any CPU
		{D36E2FC1-E1D6-470E-8DA6-8865AB56D02E}.Debug|Windows-ARM.Build.0 = Debug|Any CPU
		{D36E2FC1-E1D6-470E-8DA6-8865AB56D02E}.Debug|Windows-x64.ActiveCfg = Debug|Any CPU
		{D36E2FC1-E1D6-470E-8DA6-8865AB56D02E}.Debug|Windows-x64.Build.0 = Debug|Any CPU
		{D36E2FC1-E1D6-470E-8DA6-8865AB56D02E}.Debug|Windows-x86.ActiveCfg = Debug|Any CPU
		{D36E2FC1-E1D6-470E-8DA6-8865AB56D02E}.Debug|Windows-x86.Build.0 = Debug|Any CPU
		{D36E2FC1-E1D6-470E-8DA6-8865AB56D02E}.Release|Android.ActiveCfg = Release|Any CPU
		{D36E2FC1-E1D6-470E-8DA6-8865AB56D02E}.Release|Android.Build.0 = Release|Any CPU
		{D36E2FC1-E1D6-470E-8DA6-8865AB56D02E}.Release|Any CPU.ActiveCfg = Release|Any CPU
		{D36E2FC1-E1D6-470E-8DA6-8865AB56D02E}.Release|Any CPU.Build.0 = Release|Any CPU
		{D36E2FC1-E1D6-470E-8DA6-8865AB56D02E}.Release|iOS.ActiveCfg = Release|Any CPU
		{D36E2FC1-E1D6-470E-8DA6-8865AB56D02E}.Release|iOS.Build.0 = Release|Any CPU
		{D36E2FC1-E1D6-470E-8DA6-8865AB56D02E}.Release|Windows Phone (Universal).ActiveCfg = Release|Any CPU
		{D36E2FC1-E1D6-470E-8DA6-8865AB56D02E}.Release|Windows Phone (Universal).Build.0 = Release|Any CPU
		{D36E2FC1-E1D6-470E-8DA6-8865AB56D02E}.Release|Windows Phone 8.ActiveCfg = Release|Any CPU
		{D36E2FC1-E1D6-470E-8DA6-8865AB56D02E}.Release|Windows Phone 8.Build.0 = Release|Any CPU
		{D36E2FC1-E1D6-470E-8DA6-8865AB56D02E}.Release|Windows-AnyCPU.ActiveCfg = Release|Any CPU
		{D36E2FC1-E1D6-470E-8DA6-8865AB56D02E}.Release|Windows-AnyCPU.Build.0 = Release|Any CPU
		{D36E2FC1-E1D6-470E-8DA6-8865AB56D02E}.Release|Windows-ARM.ActiveCfg = Release|Any CPU
		{D36E2FC1-E1D6-470E-8DA6-8865AB56D02E}.Release|Windows-ARM.Build.0 = Release|Any CPU
		{D36E2FC1-E1D6-470E-8DA6-8865AB56D02E}.Release|Windows-x64.ActiveCfg = Release|Any CPU
		{D36E2FC1-E1D6-470E-8DA6-8865AB56D02E}.Release|Windows-x64.Build.0 = Release|Any CPU
		{D36E2FC1-E1D6-470E-8DA6-8865AB56D02E}.Release|Windows-x86.ActiveCfg = Release|Any CPU
		{D36E2FC1-E1D6-470E-8DA6-8865AB56D02E}.Release|Windows-x86.Build.0 = Release|Any CPU
		{7217B7BB-5887-4112-AA1F-DE950332E0A5}.Debug|Android.ActiveCfg = Debug|Any CPU
		{7217B7BB-5887-4112-AA1F-DE950332E0A5}.Debug|Android.Build.0 = Debug|Any CPU
		{7217B7BB-5887-4112-AA1F-DE950332E0A5}.Debug|Any CPU.ActiveCfg = Debug|Any CPU
		{7217B7BB-5887-4112-AA1F-DE950332E0A5}.Debug|Any CPU.Build.0 = Debug|Any CPU
		{7217B7BB-5887-4112-AA1F-DE950332E0A5}.Debug|iOS.ActiveCfg = Debug|Any CPU
		{7217B7BB-5887-4112-AA1F-DE950332E0A5}.Debug|iOS.Build.0 = Debug|Any CPU
		{7217B7BB-5887-4112-AA1F-DE950332E0A5}.Debug|Windows Phone (Universal).ActiveCfg = Debug|Any CPU
		{7217B7BB-5887-4112-AA1F-DE950332E0A5}.Debug|Windows Phone (Universal).Build.0 = Debug|Any CPU
		{7217B7BB-5887-4112-AA1F-DE950332E0A5}.Debug|Windows Phone 8.ActiveCfg = Debug|Any CPU
		{7217B7BB-5887-4112-AA1F-DE950332E0A5}.Debug|Windows Phone 8.Build.0 = Debug|Any CPU
		{7217B7BB-5887-4112-AA1F-DE950332E0A5}.Debug|Windows-AnyCPU.ActiveCfg = Debug|Any CPU
		{7217B7BB-5887-4112-AA1F-DE950332E0A5}.Debug|Windows-AnyCPU.Build.0 = Debug|Any CPU
		{7217B7BB-5887-4112-AA1F-DE950332E0A5}.Debug|Windows-ARM.ActiveCfg = Debug|Any CPU
		{7217B7BB-5887-4112-AA1F-DE950332E0A5}.Debug|Windows-ARM.Build.0 = Debug|Any CPU
		{7217B7BB-5887-4112-AA1F-DE950332E0A5}.Debug|Windows-x64.ActiveCfg = Debug|Any CPU
		{7217B7BB-5887-4112-AA1F-DE950332E0A5}.Debug|Windows-x64.Build.0 = Debug|Any CPU
		{7217B7BB-5887-4112-AA1F-DE950332E0A5}.Debug|Windows-x86.ActiveCfg = Debug|Any CPU
		{7217B7BB-5887-4112-AA1F-DE950332E0A5}.Debug|Windows-x86.Build.0 = Debug|Any CPU
		{7217B7BB-5887-4112-AA1F-DE950332E0A5}.Release|Android.ActiveCfg = Release|Any CPU
		{7217B7BB-5887-4112-AA1F-DE950332E0A5}.Release|Android.Build.0 = Release|Any CPU
		{7217B7BB-5887-4112-AA1F-DE950332E0A5}.Release|Any CPU.ActiveCfg = Release|Any CPU
		{7217B7BB-5887-4112-AA1F-DE950332E0A5}.Release|Any CPU.Build.0 = Release|Any CPU
		{7217B7BB-5887-4112-AA1F-DE950332E0A5}.Release|iOS.ActiveCfg = Release|Any CPU
		{7217B7BB-5887-4112-AA1F-DE950332E0A5}.Release|iOS.Build.0 = Release|Any CPU
		{7217B7BB-5887-4112-AA1F-DE950332E0A5}.Release|Windows Phone (Universal).ActiveCfg = Release|Any CPU
		{7217B7BB-5887-4112-AA1F-DE950332E0A5}.Release|Windows Phone (Universal).Build.0 = Release|Any CPU
		{7217B7BB-5887-4112-AA1F-DE950332E0A5}.Release|Windows Phone 8.ActiveCfg = Release|Any CPU
		{7217B7BB-5887-4112-AA1F-DE950332E0A5}.Release|Windows Phone 8.Build.0 = Release|Any CPU
		{7217B7BB-5887-4112-AA1F-DE950332E0A5}.Release|Windows-AnyCPU.ActiveCfg = Release|Any CPU
		{7217B7BB-5887-4112-AA1F-DE950332E0A5}.Release|Windows-AnyCPU.Build.0 = Release|Any CPU
		{7217B7BB-5887-4112-AA1F-DE950332E0A5}.Release|Windows-ARM.ActiveCfg = Release|Any CPU
		{7217B7BB-5887-4112-AA1F-DE950332E0A5}.Release|Windows-ARM.Build.0 = Release|Any CPU
		{7217B7BB-5887-4112-AA1F-DE950332E0A5}.Release|Windows-x64.ActiveCfg = Release|Any CPU
		{7217B7BB-5887-4112-AA1F-DE950332E0A5}.Release|Windows-x64.Build.0 = Release|Any CPU
		{7217B7BB-5887-4112-AA1F-DE950332E0A5}.Release|Windows-x86.ActiveCfg = Release|Any CPU
		{7217B7BB-5887-4112-AA1F-DE950332E0A5}.Release|Windows-x86.Build.0 = Release|Any CPU
		{DB48226A-7A5A-4BF0-8AFF-9E1CD6AB7363}.Debug|Android.ActiveCfg = Debug|Any CPU
		{DB48226A-7A5A-4BF0-8AFF-9E1CD6AB7363}.Debug|Android.Build.0 = Debug|Any CPU
		{DB48226A-7A5A-4BF0-8AFF-9E1CD6AB7363}.Debug|Any CPU.ActiveCfg = Debug|Any CPU
		{DB48226A-7A5A-4BF0-8AFF-9E1CD6AB7363}.Debug|Any CPU.Build.0 = Debug|Any CPU
		{DB48226A-7A5A-4BF0-8AFF-9E1CD6AB7363}.Debug|iOS.ActiveCfg = Debug|Any CPU
		{DB48226A-7A5A-4BF0-8AFF-9E1CD6AB7363}.Debug|iOS.Build.0 = Debug|Any CPU
		{DB48226A-7A5A-4BF0-8AFF-9E1CD6AB7363}.Debug|Windows Phone (Universal).ActiveCfg = Debug|Any CPU
		{DB48226A-7A5A-4BF0-8AFF-9E1CD6AB7363}.Debug|Windows Phone (Universal).Build.0 = Debug|Any CPU
		{DB48226A-7A5A-4BF0-8AFF-9E1CD6AB7363}.Debug|Windows Phone 8.ActiveCfg = Debug|Any CPU
		{DB48226A-7A5A-4BF0-8AFF-9E1CD6AB7363}.Debug|Windows Phone 8.Build.0 = Debug|Any CPU
		{DB48226A-7A5A-4BF0-8AFF-9E1CD6AB7363}.Debug|Windows-AnyCPU.ActiveCfg = Debug|Any CPU
		{DB48226A-7A5A-4BF0-8AFF-9E1CD6AB7363}.Debug|Windows-AnyCPU.Build.0 = Debug|Any CPU
		{DB48226A-7A5A-4BF0-8AFF-9E1CD6AB7363}.Debug|Windows-ARM.ActiveCfg = Debug|Any CPU
		{DB48226A-7A5A-4BF0-8AFF-9E1CD6AB7363}.Debug|Windows-ARM.Build.0 = Debug|Any CPU
		{DB48226A-7A5A-4BF0-8AFF-9E1CD6AB7363}.Debug|Windows-x64.ActiveCfg = Debug|Any CPU
		{DB48226A-7A5A-4BF0-8AFF-9E1CD6AB7363}.Debug|Windows-x64.Build.0 = Debug|Any CPU
		{DB48226A-7A5A-4BF0-8AFF-9E1CD6AB7363}.Debug|Windows-x86.ActiveCfg = Debug|Any CPU
		{DB48226A-7A5A-4BF0-8AFF-9E1CD6AB7363}.Debug|Windows-x86.Build.0 = Debug|Any CPU
		{DB48226A-7A5A-4BF0-8AFF-9E1CD6AB7363}.Release|Android.ActiveCfg = Release|Any CPU
		{DB48226A-7A5A-4BF0-8AFF-9E1CD6AB7363}.Release|Android.Build.0 = Release|Any CPU
		{DB48226A-7A5A-4BF0-8AFF-9E1CD6AB7363}.Release|Any CPU.ActiveCfg = Release|Any CPU
		{DB48226A-7A5A-4BF0-8AFF-9E1CD6AB7363}.Release|Any CPU.Build.0 = Release|Any CPU
		{DB48226A-7A5A-4BF0-8AFF-9E1CD6AB7363}.Release|iOS.ActiveCfg = Release|Any CPU
		{DB48226A-7A5A-4BF0-8AFF-9E1CD6AB7363}.Release|iOS.Build.0 = Release|Any CPU
		{DB48226A-7A5A-4BF0-8AFF-9E1CD6AB7363}.Release|Windows Phone (Universal).ActiveCfg = Release|Any CPU
		{DB48226A-7A5A-4BF0-8AFF-9E1CD6AB7363}.Release|Windows Phone (Universal).Build.0 = Release|Any CPU
		{DB48226A-7A5A-4BF0-8AFF-9E1CD6AB7363}.Release|Windows Phone 8.ActiveCfg = Release|Any CPU
		{DB48226A-7A5A-4BF0-8AFF-9E1CD6AB7363}.Release|Windows Phone 8.Build.0 = Release|Any CPU
		{DB48226A-7A5A-4BF0-8AFF-9E1CD6AB7363}.Release|Windows-AnyCPU.ActiveCfg = Release|Any CPU
		{DB48226A-7A5A-4BF0-8AFF-9E1CD6AB7363}.Release|Windows-AnyCPU.Build.0 = Release|Any CPU
		{DB48226A-7A5A-4BF0-8AFF-9E1CD6AB7363}.Release|Windows-ARM.ActiveCfg = Release|Any CPU
		{DB48226A-7A5A-4BF0-8AFF-9E1CD6AB7363}.Release|Windows-ARM.Build.0 = Release|Any CPU
		{DB48226A-7A5A-4BF0-8AFF-9E1CD6AB7363}.Release|Windows-x64.ActiveCfg = Release|Any CPU
		{DB48226A-7A5A-4BF0-8AFF-9E1CD6AB7363}.Release|Windows-x64.Build.0 = Release|Any CPU
		{DB48226A-7A5A-4BF0-8AFF-9E1CD6AB7363}.Release|Windows-x86.ActiveCfg = Release|Any CPU
		{DB48226A-7A5A-4BF0-8AFF-9E1CD6AB7363}.Release|Windows-x86.Build.0 = Release|Any CPU
		{8302A258-1005-449A-BD24-BFD7EF681CEB}.Debug|Android.ActiveCfg = Debug|Any CPU
		{8302A258-1005-449A-BD24-BFD7EF681CEB}.Debug|Android.Build.0 = Debug|Any CPU
		{8302A258-1005-449A-BD24-BFD7EF681CEB}.Debug|Any CPU.ActiveCfg = Debug|Any CPU
		{8302A258-1005-449A-BD24-BFD7EF681CEB}.Debug|Any CPU.Build.0 = Debug|Any CPU
		{8302A258-1005-449A-BD24-BFD7EF681CEB}.Debug|iOS.ActiveCfg = Debug|Any CPU
		{8302A258-1005-449A-BD24-BFD7EF681CEB}.Debug|iOS.Build.0 = Debug|Any CPU
		{8302A258-1005-449A-BD24-BFD7EF681CEB}.Debug|Windows Phone (Universal).ActiveCfg = Debug|Any CPU
		{8302A258-1005-449A-BD24-BFD7EF681CEB}.Debug|Windows Phone (Universal).Build.0 = Debug|Any CPU
		{8302A258-1005-449A-BD24-BFD7EF681CEB}.Debug|Windows Phone 8.ActiveCfg = Debug|Any CPU
		{8302A258-1005-449A-BD24-BFD7EF681CEB}.Debug|Windows Phone 8.Build.0 = Debug|Any CPU
		{8302A258-1005-449A-BD24-BFD7EF681CEB}.Debug|Windows-AnyCPU.ActiveCfg = Debug|Any CPU
		{8302A258-1005-449A-BD24-BFD7EF681CEB}.Debug|Windows-AnyCPU.Build.0 = Debug|Any CPU
		{8302A258-1005-449A-BD24-BFD7EF681CEB}.Debug|Windows-ARM.ActiveCfg = Debug|Any CPU
		{8302A258-1005-449A-BD24-BFD7EF681CEB}.Debug|Windows-ARM.Build.0 = Debug|Any CPU
		{8302A258-1005-449A-BD24-BFD7EF681CEB}.Debug|Windows-x64.ActiveCfg = Debug|Any CPU
		{8302A258-1005-449A-BD24-BFD7EF681CEB}.Debug|Windows-x64.Build.0 = Debug|Any CPU
		{8302A258-1005-449A-BD24-BFD7EF681CEB}.Debug|Windows-x86.ActiveCfg = Debug|Any CPU
		{8302A258-1005-449A-BD24-BFD7EF681CEB}.Debug|Windows-x86.Build.0 = Debug|Any CPU
		{8302A258-1005-449A-BD24-BFD7EF681CEB}.Release|Android.ActiveCfg = Release|Any CPU
		{8302A258-1005-449A-BD24-BFD7EF681CEB}.Release|Android.Build.0 = Release|Any CPU
		{8302A258-1005-449A-BD24-BFD7EF681CEB}.Release|Any CPU.ActiveCfg = Release|Any CPU
		{8302A258-1005-449A-BD24-BFD7EF681CEB}.Release|Any CPU.Build.0 = Release|Any CPU
		{8302A258-1005-449A-BD24-BFD7EF681CEB}.Release|iOS.ActiveCfg = Release|Any CPU
		{8302A258-1005-449A-BD24-BFD7EF681CEB}.Release|iOS.Build.0 = Release|Any CPU
		{8302A258-1005-449A-BD24-BFD7EF681CEB}.Release|Windows Phone (Universal).ActiveCfg = Release|Any CPU
		{8302A258-1005-449A-BD24-BFD7EF681CEB}.Release|Windows Phone (Universal).Build.0 = Release|Any CPU
		{8302A258-1005-449A-BD24-BFD7EF681CEB}.Release|Windows Phone 8.ActiveCfg = Release|Any CPU
		{8302A258-1005-449A-BD24-BFD7EF681CEB}.Release|Windows Phone 8.Build.0 = Release|Any CPU
		{8302A258-1005-449A-BD24-BFD7EF681CEB}.Release|Windows-AnyCPU.ActiveCfg = Release|Any CPU
		{8302A258-1005-449A-BD24-BFD7EF681CEB}.Release|Windows-AnyCPU.Build.0 = Release|Any CPU
		{8302A258-1005-449A-BD24-BFD7EF681CEB}.Release|Windows-ARM.ActiveCfg = Release|Any CPU
		{8302A258-1005-449A-BD24-BFD7EF681CEB}.Release|Windows-ARM.Build.0 = Release|Any CPU
		{8302A258-1005-449A-BD24-BFD7EF681CEB}.Release|Windows-x64.ActiveCfg = Release|Any CPU
		{8302A258-1005-449A-BD24-BFD7EF681CEB}.Release|Windows-x64.Build.0 = Release|Any CPU
		{8302A258-1005-449A-BD24-BFD7EF681CEB}.Release|Windows-x86.ActiveCfg = Release|Any CPU
		{8302A258-1005-449A-BD24-BFD7EF681CEB}.Release|Windows-x86.Build.0 = Release|Any CPU
	EndGlobalSection
	GlobalSection(SolutionProperties) = preSolution
		HideSolutionNode = FALSE
	EndGlobalSection
EndGlobal
